// !$*UTF8*$!
{
	archiveVersion = 1;
	classes = {
	};
	objectVersion = 46;
	objects = {

/* Begin PBXBuildFile section */
		4C909D5A1C7178DB0095B8BC /* AppDelegate.swift in Sources */ = {isa = PBXBuildFile; fileRef = 4C909D591C7178DB0095B8BC /* AppDelegate.swift */; };
		4C909D5C1C7178DB0095B8BC /* ViewController.swift in Sources */ = {isa = PBXBuildFile; fileRef = 4C909D5B1C7178DB0095B8BC /* ViewController.swift */; };
		4C909D5F1C7178DB0095B8BC /* Main.storyboard in Resources */ = {isa = PBXBuildFile; fileRef = 4C909D5D1C7178DB0095B8BC /* Main.storyboard */; };
		4C909D611C7178DB0095B8BC /* Assets.xcassets in Resources */ = {isa = PBXBuildFile; fileRef = 4C909D601C7178DB0095B8BC /* Assets.xcassets */; };
		4C909D641C7178DB0095B8BC /* LaunchScreen.storyboard in Resources */ = {isa = PBXBuildFile; fileRef = 4C909D621C7178DB0095B8BC /* LaunchScreen.storyboard */; };
/* End PBXBuildFile section */

/* Begin PBXFileReference section */
		4C909D561C7178DB0095B8BC /* Hello-Wrold.app */ = {isa = PBXFileReference; explicitFileType = wrapper.application; includeInIndex = 0; path = "Hello-Wrold.app"; sourceTree = BUILT_PRODUCTS_DIR; };
		4C909D591C7178DB0095B8BC /* AppDelegate.swift */ = {isa = PBXFileReference; lastKnownFileType = sourcecode.swift; path = AppDelegate.swift; sourceTree = "<group>"; };
		4C909D5B1C7178DB0095B8BC /* ViewController.swift */ = {isa = PBXFileReference; lastKnownFileType = sourcecode.swift; path = ViewController.swift; sourceTree = "<group>"; };
		4C909D5E1C7178DB0095B8BC /* Base */ = {isa = PBXFileReference; lastKnownFileType = file.storyboard; name = Base; path = Base.lproj/Main.storyboard; sourceTree = "<group>"; };
		4C909D601C7178DB0095B8BC /* Assets.xcassets */ = {isa = PBXFileReference; lastKnownFileType = folder.assetcatalog; path = Assets.xcassets; sourceTree = "<group>"; };
		4C909D631C7178DB0095B8BC /* Base */ = {isa = PBXFileReference; lastKnownFileType = file.storyboard; name = Base; path = Base.lproj/LaunchScreen.storyboard; sourceTree = "<group>"; };
		4C909D651C7178DB0095B8BC /* Info.plist */ = {isa = PBXFileReference; lastKnownFileType = text.plist.xml; path = Info.plist; sourceTree = "<group>"; };
/* End PBXFileReference section */

/* Begin PBXFrameworksBuildPhase section */
		4C909D531C7178DB0095B8BC /* Frameworks */ = {
			isa = PBXFrameworksBuildPhase;
			buildActionMask = 2147483647;
			files = (
			);
			runOnlyForDeploymentPostprocessing = 0;
		};
/* End PBXFrameworksBuildPhase section */

/* Begin PBXGroup section */
		4C909D4D1C7178DB0095B8BC = {
			isa = PBXGroup;
			children = (
				4C909D581C7178DB0095B8BC /* Hello-Wrold */,
				4C909D571C7178DB0095B8BC /* Products */,
			);
			sourceTree = "<group>";
		};
		4C909D571C7178DB0095B8BC /* Products */ = {
			isa = PBXGroup;
			children = (
				4C909D561C7178DB0095B8BC /* Hello-Wrold.app */,
			);
			name = Products;
			sourceTree = "<group>";
		};
		4C909D581C7178DB0095B8BC /* Hello-Wrold */ = {
			isa = PBXGroup;
			children = (
				4C909D591C7178DB0095B8BC /* AppDelegate.swift */,
				4C909D5B1C7178DB0095B8BC /* ViewController.swift */,
				4C909D5D1C7178DB0095B8BC /* Main.storyboard */,
				4C909D601C7178DB0095B8BC /* Assets.xcassets */,
				4C909D621C7178DB0095B8BC /* LaunchScreen.storyboard */,
				4C909D651C7178DB0095B8BC /* Info.plist */,
			);
			path = "Hello-Wrold";
			sourceTree = "<group>";
		};
/* End PBXGroup section */

/* Begin PBXNativeTarget section */
		4C909D551C7178DB0095B8BC /* Hello-Wrold */ = {
			isa = PBXNativeTarget;
			buildConfigurationList = 4C909D681C7178DB0095B8BC /* Build configuration list for PBXNativeTarget "Hello-Wrold" */;
			buildPhases = (
				4C909D521C7178DB0095B8BC /* Sources */,
				4C909D531C7178DB0095B8BC /* Frameworks */,
				4C909D541C7178DB0095B8BC /* Resources */,
			);
			buildRules = (
			);
			dependencies = (
			);
			name = "Hello-Wrold";
			productName = "Hello-Wrold";
			productReference = 4C909D561C7178DB0095B8BC /* Hello-Wrold.app */;
			productType = "com.apple.product-type.application";
		};
/* End PBXNativeTarget section */

/* Begin PBXProject section */
		4C909D4E1C7178DB0095B8BC /* Project object */ = {
			isa = PBXProject;
			attributes = {
				LastSwiftUpdateCheck = 0720;
				LastUpgradeCheck = 0720;
				ORGANIZATIONNAME = zhengxun;
				TargetAttributes = {
					4C909D551C7178DB0095B8BC = {
						CreatedOnToolsVersion = 7.2.1;
					};
				};
			};
			buildConfigurationList = 4C909D511C7178DB0095B8BC /* Build configuration list for PBXProject "Hello-Wrold" */;
			compatibilityVersion = "Xcode 3.2";
			developmentRegion = English;
			hasScannedForEncodings = 0;
			knownRegions = (
				en,
				Base,
			);
			mainGroup = 4C909D4D1C7178DB0095B8BC;
			productRefGroup = 4C909D571C7178DB0095B8BC /* Products */;
			projectDirPath = "";
			projectRoot = "";
			targets = (
				4C909D551C7178DB0095B8BC /* Hello-Wrold */,
			);
		};
/* End PBXProject section */

/* Begin PBXResourcesBuildPhase section */
		4C909D541C7178DB0095B8BC /* Resources */ = {
			isa = PBXResourcesBuildPhase;
			buildActionMask = 2147483647;
			files = (
				4C909D641C7178DB0095B8BC /* LaunchScreen.storyboard in Resources */,
				4C909D611C7178DB0095B8BC /* Assets.xcassets in Resources */,
				4C909D5F1C7178DB0095B8BC /* Main.storyboard in Resources */,
			);
			runOnlyForDeploymentPostprocessing = 0;
		};
/* End PBXResourcesBuildPhase section */

/* Begin PBXSourcesBuildPhase section */
		4C909D521C7178DB0095B8BC /* Sources */ = {
			isa = PBXSourcesBuildPhase;
			buildActionMask = 2147483647;
			files = (
				4C909D5C1C7178DB0095B8BC /* ViewController.swift in Sources */,
				4C909D5A1C7178DB0095B8BC /* AppDelegate.swift in Sources */,
			);
			runOnlyForDeploymentPostprocessing = 0;
		};
/* End PBXSourcesBuildPhase section */

/* Begin PBXVariantGroup section */
		4C909D5D1C7178DB0095B8BC /* Main.storyboard */ = {
			isa = PBXVariantGroup;
			children = (
				4C909D5E1C7178DB0095B8BC /* Base */,
			);
			name = Main.storyboard;
			sourceTree = "<group>";
		};
		4C909D621C7178DB0095B8BC /* LaunchScreen.storyboard */ = {
			isa = PBXVariantGroup;
			children = (
				4C909D631C7178DB0095B8BC /* Base */,
			);
			name = LaunchScreen.storyboard;
			sourceTree = "<group>";
		};
/* End PBXVariantGroup section */

/* Begin XCBuildConfiguration section */
		4C909D661C7178DB0095B8BC /* Debug */ = {
			isa = XCBuildConfiguration;
			buildSettings = {
				ALWAYS_SEARCH_USER_PATHS = NO;
				CLANG_CXX_LANGUAGE_STANDARD = "gnu++0x";
				CLANG_CXX_LIBRARY = "libc++";
				CLANG_ENABLE_MODULES = YES;
				CLANG_ENABLE_OBJC_ARC = YES;
				CLANG_WARN_BOOL_CONVERSION = YES;
				CLANG_WARN_CONSTANT_CONVERSION = YES;
				CLANG_WARN_DIRECT_OBJC_ISA_USAGE = YES_ERROR;
				CLANG_WARN_EMPTY_BODY = YES;
				CLANG_WARN_ENUM_CONVERSION = YES;
				CLANG_WARN_INT_CONVERSION = YES;
				CLANG_WARN_OBJC_ROOT_CLASS = YES_ERROR;
				CLANG_WARN_UNREACHABLE_CODE = YES;
				CLANG_WARN__DUPLICATE_METHOD_MATCH = YES;
				"CODE_SIGN_IDENTITY[sdk=iphoneos*]" = "iPhone Developer";
				COPY_PHASE_STRIP = NO;
				DEBUG_INFORMATION_FORMAT = dwarf;
				ENABLE_STRICT_OBJC_MSGSEND = YES;
				ENABLE_TESTABILITY = YES;
				GCC_C_LANGUAGE_STANDARD = gnu99;
				GCC_DYNAMIC_NO_PIC = NO;
				GCC_NO_COMMON_BLOCKS = YES;
				GCC_OPTIMIZATION_LEVEL = 0;
				GCC_PREPROCESSOR_DEFINITIONS = (
					"DEBUG=1",
					"$(inherited)",
				);
				GCC_WARN_64_TO_32_BIT_CONVERSION = YES;
				GCC_WARN_ABOUT_RETURN_TYPE = YES_ERROR;
				GCC_WARN_UNDECLARED_SELECTOR = YES;
				GCC_WARN_UNINITIALIZED_AUTOS = YES_AGGRESSIVE;
				GCC_WARN_UNUSED_FUNCTION = YES;
				GCC_WARN_UNUSED_VARIABLE = YES;
				IPHONEOS_DEPLOYMENT_TARGET = 9.2;
				MTL_ENABLE_DEBUG_INFO = YES;
				ONLY_ACTIVE_ARCH = YES;
				SDKROOT = iphoneos;
				SWIFT_OPTIMIZATION_LEVEL = "-Onone";
			};
			name = Debug;
		};
		4C909D671C7178DB0095B8BC /* Release */ = {
			isa = XCBuildConfiguration;
			buildSettings = {
				ALWAYS_SEARCH_USER_PATHS = NO;
				CLANG_CXX_LANGUAGE_STANDARD = "gnu++0x";
				CLANG_CXX_LIBRARY = "libc++";
				CLANG_ENABLE_MODULES = YES;
				CLANG_ENABLE_OBJC_ARC = YES;
				CLANG_WARN_BOOL_CONVERSION = YES;
				CLANG_WARN_CONSTANT_CONVERSION = YES;
				CLANG_WARN_DIRECT_OBJC_ISA_USAGE = YES_ERROR;
				CLANG_WARN_EMPTY_BODY = YES;
				CLANG_WARN_ENUM_CONVERSION = YES;
				CLANG_WARN_INT_CONVERSION = YES;
				CLANG_WARN_OBJC_ROOT_CLASS = YES_ERROR;
				CLANG_WARN_UNREACHABLE_CODE = YES;
				CLANG_WARN__DUPLICATE_METHOD_MATCH = YES;
				"CODE_SIGN_IDENTITY[sdk=iphoneos*]" = "iPhone Developer";
				COPY_PHASE_STRIP = NO;
				DEBUG_INFORMATION_FORMAT = "dwarf-with-dsym";
				ENABLE_NS_ASSERTIONS = NO;
				ENABLE_STRICT_OBJC_MSGSEND = YES;
				GCC_C_LANGUAGE_STANDARD = gnu99;
				GCC_NO_COMMON_BLOCKS = YES;
				GCC_WARN_64_TO_32_BIT_CONVERSION = YES;
				GCC_WARN_ABOUT_RETURN_TYPE = YES_ERROR;
				GCC_WARN_UNDECLARED_SELECTOR = YES;
				GCC_WARN_UNINITIALIZED_AUTOS = YES_AGGRESSIVE;
				GCC_WARN_UNUSED_FUNCTION = YES;
				GCC_WARN_UNUSED_VARIABLE = YES;
				IPHONEOS_DEPLOYMENT_TARGET = 9.2;
				MTL_ENABLE_DEBUG_INFO = NO;
				SDKROOT = iphoneos;
				VALIDATE_PRODUCT = YES;
			};
			name = Release;
		};
		4C909D691C7178DB0095B8BC /* Debug */ = {
			isa = XCBuildConfiguration;
			buildSettings = {
				ASSETCATALOG_COMPILER_APPICON_NAME = AppIcon;
				INFOPLIST_FILE = "Hello-Wrold/Info.plist";
				LD_RUNPATH_SEARCH_PATHS = "$(inherited) @executable_path/Frameworks";
				PRODUCT_BUNDLE_IDENTIFIER = "org.chenqing.Hello-Wrold";
				PRODUCT_NAME = "$(TARGET_NAME)";
			};
			name = Debug;
		};
		4C909D6A1C7178DB0095B8BC /* Release */ = {
			isa = XCBuildConfiguration;
			buildSettings = {
				ASSETCATALOG_COMPILER_APPICON_NAME = AppIcon;
				INFOPLIST_FILE = "Hello-Wrold/Info.plist";
				LD_RUNPATH_SEARCH_PATHS = "$(inherited) @executable_path/Frameworks";
				PRODUCT_BUNDLE_IDENTIFIER = "org.chenqing.Hello-Wrold";
				PRODUCT_NAME = "$(TARGET_NAME)";
			};
			name = Release;
		};
/* End XCBuildConfiguration section */

/* Begin XCConfigurationList section */
		4C909D511C7178DB0095B8BC /* Build configuration list for PBXProject "Hello-Wrold" */ = {
			isa = XCConfigurationList;
			buildConfigurations = (
				4C909D661C7178DB0095B8BC /* Debug */,
				4C909D671C7178DB0095B8BC /* Release */,
			);
			defaultConfigurationIsVisible = 0;
			defaultConfigurationName = Release;
		};
		4C909D681C7178DB0095B8BC /* Build configuration list for PBXNativeTarget "Hello-Wrold" */ = {
			isa = XCConfigurationList;
			buildConfigurations = (
				4C909D691C7178DB0095B8BC /* Debug */,
				4C909D6A1C7178DB0095B8BC /* Release */,
			);
			defaultConfigurationIsVisible = 0;
		};
/* End XCConfigurationList section */
	};
	rootObject = 4C909D4E1C7178DB0095B8BC /* Project object */;
}
